{
  "originHash" : "ccace1aae312d1911a476378ffa7fedc156de07d4b00adac8c5e78f7da99cc3d",
  "pins" : [
    {
      "identity" : "fabbar",
      "kind" : "remoteSourceControl",
      "location" : "https://github.com/ryanashcraft/FabBar.git",
      "state" : {
        "revision" : "4f05fc7815fc676683807574fec4a826f49588da",
        "version" : "1.1.0"
      }
    },
    {
      "identity" : "notelet",
      "kind" : "remoteSourceControl",
      "location" : "https://github.com/mykolaharmash/notelet",
      "state" : {
        "branch" : "main",
        "revision" : "07d1fdbe71f9c9bd498d0655116cc4ddff8d4aac"
      }
    }
  ],
  "version" : 3
}
