// !$*UTF8*$!
{
	archiveVersion = 1;
	classes = {
	};
	objectVersion = 77;
	objects = {

/* Begin PBXBuildFile section */
		E539C2C42FB4A8D600E09AE4 /* Notelet in Frameworks */ = {isa = PBXBuildFile; productRef = E539C2C32FB4A8D600E09AE4 /* Notelet */; };
		E580ADFE2FB1E88C0005C14B /* FabBar in Frameworks */ = {isa = PBXBuildFile; productRef = E580ADFD2FB1E88C0005C14B /* FabBar */; };
		E5ABAA5D2F458AC000031FB6 /* WidgetKit.framework in Frameworks */ = {isa = PBXBuildFile; fileRef = E5ABAA5C2F458AC000031FB6 /* WidgetKit.framework */; };
		E5ABAA5F2F458AC000031FB6 /* SwiftUI.framework in Frameworks */ = {isa = PBXBuildFile; fileRef = E5ABAA5E2F458AC000031FB6 /* SwiftUI.framework */; };
		E5ABAA702F458AC100031FB6 /* PayScope WidgetsExtension.appex in Embed Foundation Extensions */ = {isa = PBXBuildFile; fileRef = E5ABAA5A2F458AC000031FB6 /* PayScope WidgetsExtension.appex */; settings = {ATTRIBUTES = (RemoveHeadersOnCopy, ); }; };
		E5ABAEA42F4DAA0100031FB6 /* CloudKit.framework in Frameworks */ = {isa = PBXBuildFile; fileRef = E5ABAEA32F4DAA0100031FB6 /* CloudKit.framework */; };
		E5ABAFD22F4F32DB00031FB6 /* CloudKit.framework in Frameworks */ = {isa = PBXBuildFile; fileRef = E5ABAEA32F4DAA0100031FB6 /* CloudKit.framework */; };
		E5AC7E4D2F59885600DFE5DD /* CloudKit.framework in Frameworks */ = {isa = PBXBuildFile; fileRef = E5AC7E4B2F59885300DFE5DD /* CloudKit.framework */; };
		E5EC73512FEC02D800E600E4 /* PayScope AW Watch App.app in Embed Watch Content */ = {isa = PBXBuildFile; fileRef = E5EC73472FEC02D700E600E4 /* PayScope AW Watch App.app */; settings = {ATTRIBUTES = (RemoveHeadersOnCopy, ); }; };
		E5EC736D2FEC032600E600E4 /* Blau.icon in Resources */ = {isa = PBXBuildFile; fileRef = E5EC73652FEC032600E600E4 /* Blau.icon */; };
		E5EC736E2FEC032600E600E4 /* gruen.icon in Resources */ = {isa = PBXBuildFile; fileRef = E5EC73662FEC032600E600E4 /* gruen.icon */; };
		E5EC736F2FEC032600E600E4 /* pink.icon in Resources */ = {isa = PBXBuildFile; fileRef = E5EC736A2FEC032600E600E4 /* pink.icon */; };
		E5EC73702FEC032600E600E4 /* rot.icon in Resources */ = {isa = PBXBuildFile; fileRef = E5EC736B2FEC032600E600E4 /* rot.icon */; };
		E5EC73712FEC032600E600E4 /* orange.icon in Resources */ = {isa = PBXBuildFile; fileRef = E5EC73692FEC032600E600E4 /* orange.icon */; };
		E5EC73722FEC032600E600E4 /* indigo.icon in Resources */ = {isa = PBXBuildFile; fileRef = E5EC73672FEC032600E600E4 /* indigo.icon */; };
		E5EC73732FEC032600E600E4 /* lila.icon in Resources */ = {isa = PBXBuildFile; fileRef = E5EC73682FEC032600E600E4 /* lila.icon */; };
		E5EC73742FEC032600E600E4 /* turkis.icon in Resources */ = {isa = PBXBuildFile; fileRef = E5EC736C2FEC032600E600E4 /* turkis.icon */; };
		E5EC73752FEC100000E600E4 /* WatchShiftSnapshot.swift in Sources */ = {isa = PBXBuildFile; fileRef = E5EC73772FEC100000E600E4 /* WatchShiftSnapshot.swift */; };
		E5EC73762FEC100000E600E4 /* WatchShiftViewModel.swift in Sources */ = {isa = PBXBuildFile; fileRef = E5EC73782FEC100000E600E4 /* WatchShiftViewModel.swift */; };
		E5EC73792FEC100000E600E4 /* ContentView.swift in Sources */ = {isa = PBXBuildFile; fileRef = E5EC73812FEC100000E600E4 /* ContentView.swift */; };
		E5EC737A2FEC100000E600E4 /* PayScope_AWApp.swift in Sources */ = {isa = PBXBuildFile; fileRef = E5EC73822FEC100000E600E4 /* PayScope_AWApp.swift */; };
		E5EC737B2FEC100000E600E4 /* Assets.xcassets in Resources */ = {isa = PBXBuildFile; fileRef = E5EC73832FEC100000E600E4 /* Assets.xcassets */; };
		E5EC737C2FEC100000E600E4 /* Blau.icon in Resources */ = {isa = PBXBuildFile; fileRef = E5EC73842FEC100000E600E4 /* Blau.icon */; };
		E5EC737D2FEC100000E600E4 /* gruen.icon in Resources */ = {isa = PBXBuildFile; fileRef = E5EC73852FEC100000E600E4 /* gruen.icon */; };
		E5EC737E2FEC100000E600E4 /* indigo.icon in Resources */ = {isa = PBXBuildFile; fileRef = E5EC73862FEC100000E600E4 /* indigo.icon */; };
		E5EC737F2FEC100000E600E4 /* lila.icon in Resources */ = {isa = PBXBuildFile; fileRef = E5EC73872FEC100000E600E4 /* lila.icon */; };
		E5EC73802FEC100000E600E4 /* orange.icon in Resources */ = {isa = PBXBuildFile; fileRef = E5EC73882FEC100000E600E4 /* orange.icon */; };
		E5EC73892FEC100000E600E4 /* pink.icon in Resources */ = {isa = PBXBuildFile; fileRef = E5EC738F2FEC100000E600E4 /* pink.icon */; };
		E5EC738A2FEC100000E600E4 /* rot.icon in Resources */ = {isa = PBXBuildFile; fileRef = E5EC73902FEC100000E600E4 /* rot.icon */; };
		E5EC738B2FEC100000E600E4 /* turkis.icon in Resources */ = {isa = PBXBuildFile; fileRef = E5EC73912FEC100000E600E4 /* turkis.icon */; };
		E5EC771C2FED466100E600E4 /* WidgetKit.framework in Frameworks */ = {isa = PBXBuildFile; fileRef = E5ABAA5C2F458AC000031FB6 /* WidgetKit.framework */; };
		E5EC771D2FED466100E600E4 /* SwiftUI.framework in Frameworks */ = {isa = PBXBuildFile; fileRef = E5ABAA5E2F458AC000031FB6 /* SwiftUI.framework */; };
		E5EC772C2FED466300E600E4 /* PayScope AW WidgetsExtension.appex in Embed Foundation Extensions */ = {isa = PBXBuildFile; fileRef = E5EC771B2FED466100E600E4 /* PayScope AW WidgetsExtension.appex */; settings = {ATTRIBUTES = (RemoveHeadersOnCopy, ); }; };
		E5F142C62FCC646C00D7043B /* Assets.xcassets in Resources */ = {isa = PBXBuildFile; fileRef = E5F142B62FCC646C00D7043B /* Assets.xcassets */; };
		E5F142C72FCC646C00D7043B /* ContentView.swift in Sources */ = {isa = PBXBuildFile; fileRef = E5F142BA2FCC646C00D7043B /* ContentView.swift */; };
		E5F142C82FCC646C00D7043B /* MenuBarIconView.swift in Sources */ = {isa = PBXBuildFile; fileRef = E5F142BE2FCC646C00D7043B /* MenuBarIconView.swift */; };
		E5F142C92FCC646C00D7043B /* Item.swift in Sources */ = {isa = PBXBuildFile; fileRef = E5F142BD2FCC646C00D7043B /* Item.swift */; };
		E5F142CA2FCC646C00D7043B /* DayDetailView.swift in Sources */ = {isa = PBXBuildFile; fileRef = E5F142BB2FCC646C00D7043B /* DayDetailView.swift */; };
		E5F142CB2FCC646C00D7043B /* CloudKitReadService.swift in Sources */ = {isa = PBXBuildFile; fileRef = E5F142B92FCC646C00D7043B /* CloudKitReadService.swift */; };
		E5F142CC2FCC646C00D7043B /* PayScope_for_MacApp.swift in Sources */ = {isa = PBXBuildFile; fileRef = E5F142C22FCC646C00D7043B /* PayScope_for_MacApp.swift */; };
		E5F142CD2FCC646C00D7043B /* Persistence.swift in Sources */ = {isa = PBXBuildFile; fileRef = E5F142C32FCC646C00D7043B /* Persistence.swift */; };
		E5F142CE2FCC646C00D7043B /* CalendarMonthView.swift in Sources */ = {isa = PBXBuildFile; fileRef = E5F142B72FCC646C00D7043B /* CalendarMonthView.swift */; };
		E5F142CF2FCC646C00D7043B /* Models.swift in Sources */ = {isa = PBXBuildFile; fileRef = E5F142BF2FCC646C00D7043B /* Models.swift */; };
		E5F142D02FCC646C00D7043B /* Formatters.swift in Sources */ = {isa = PBXBuildFile; fileRef = E5F142BC2FCC646C00D7043B /* Formatters.swift */; };
		E5F142D12FCC646C00D7043B /* CalendarTabView.swift in Sources */ = {isa = PBXBuildFile; fileRef = E5F142B82FCC646C00D7043B /* CalendarTabView.swift */; };
		E5FF00012FAAAAAA00000001 /* PayScope_WidgetsBundle.swift in Sources */ = {isa = PBXBuildFile; fileRef = E5FF00132FAAAAAA00000013 /* PayScope_WidgetsBundle.swift */; };
		E5FF00022FAAAAAA00000002 /* PayScope_WidgetsControl.swift in Sources */ = {isa = PBXBuildFile; fileRef = E5FF00142FAAAAAA00000014 /* PayScope_WidgetsControl.swift */; };
		E5FF00032FAAAAAA00000003 /* PayScope_WidgetsLiveActivity.swift in Sources */ = {isa = PBXBuildFile; fileRef = E5FF00152FAAAAAA00000015 /* PayScope_WidgetsLiveActivity.swift */; };
		E5FF00042FAAAAAA00000004 /* Assets.xcassets in Resources */ = {isa = PBXBuildFile; fileRef = E5FF00112FAAAAAA00000011 /* Assets.xcassets */; };
/* End PBXBuildFile section */

/* Begin PBXContainerItemProxy section */
		E5ABAA6E2F458AC100031FB6 /* PBXContainerItemProxy */ = {
			isa = PBXContainerItemProxy;
			containerPortal = E5ABA9BA2F44731100031FB6 /* Project object */;
			proxyType = 1;
			remoteGlobalIDString = E5ABAA592F458AC000031FB6;
			remoteInfo = "PayScope WidgetsExtension";
		};
		E5CC010B2FAAAAAB0000000B /* PBXContainerItemProxy */ = {
			isa = PBXContainerItemProxy;
			containerPortal = E5ABA9BA2F44731100031FB6 /* Project object */;
			proxyType = 1;
			remoteGlobalIDString = E5ABA9C12F44731100031FB6;
			remoteInfo = PayScope;
		};
		E5EC734F2FEC02D800E600E4 /* PBXContainerItemProxy */ = {
			isa = PBXContainerItemProxy;
			containerPortal = E5ABA9BA2F44731100031FB6 /* Project object */;
			proxyType = 1;
			remoteGlobalIDString = E5EC73462FEC02D700E600E4;
			remoteInfo = "PayScope AW Watch App";
		};
		E5EC772A2FED466300E600E4 /* PBXContainerItemProxy */ = {
			isa = PBXContainerItemProxy;
			containerPortal = E5ABA9BA2F44731100031FB6 /* Project object */;
			proxyType = 1;
			remoteGlobalIDString = E5EC771A2FED466100E600E4;
			remoteInfo = "PayScope AW WidgetsExtension";
		};
/* End PBXContainerItemProxy section */

/* Begin PBXCopyFilesBuildPhase section */
		E59E77562F865960006A872F /* Embed Watch Content */ = {
			isa = PBXCopyFilesBuildPhase;
			buildActionMask = 2147483647;
			dstPath = "$(CONTENTS_FOLDER_PATH)/Watch";
			dstSubfolderSpec = 16;
			files = (
				E5EC73512FEC02D800E600E4 /* PayScope AW Watch App.app in Embed Watch Content */,
			);
			name = "Embed Watch Content";
			runOnlyForDeploymentPostprocessing = 0;
		};
		E5ABAA752F458AC100031FB6 /* Embed Foundation Extensions */ = {
			isa = PBXCopyFilesBuildPhase;
			buildActionMask = 2147483647;
			dstPath = "";
			dstSubfolderSpec = 13;
			files = (
				E5ABAA702F458AC100031FB6 /* PayScope WidgetsExtension.appex in Embed Foundation Extensions */,
			);
			name = "Embed Foundation Extensions";
			runOnlyForDeploymentPostprocessing = 0;
		};
		E5EC772D2FED466300E600E4 /* Embed Foundation Extensions */ = {
			isa = PBXCopyFilesBuildPhase;
			buildActionMask = 2147483647;
			dstPath = "";
			dstSubfolderSpec = 13;
			files = (
				E5EC772C2FED466300E600E4 /* PayScope AW WidgetsExtension.appex in Embed Foundation Extensions */,
			);
			name = "Embed Foundation Extensions";
			runOnlyForDeploymentPostprocessing = 0;
		};
/* End PBXCopyFilesBuildPhase section */

/* Begin PBXFileReference section */
		E5ABA9C22F44731100031FB6 /* PayScope.app */ = {isa = PBXFileReference; explicitFileType = wrapper.application; includeInIndex = 0; path = PayScope.app; sourceTree = BUILT_PRODUCTS_DIR; };
		E5ABAA5A2F458AC000031FB6 /* PayScope WidgetsExtension.appex */ = {isa = PBXFileReference; explicitFileType = "wrapper.app-extension"; includeInIndex = 0; path = "PayScope WidgetsExtension.appex"; sourceTree = BUILT_PRODUCTS_DIR; };
		E5ABAA5C2F458AC000031FB6 /* WidgetKit.framework */ = {isa = PBXFileReference; lastKnownFileType = wrapper.framework; name = WidgetKit.framework; path = System/Library/Frameworks/WidgetKit.framework; sourceTree = SDKROOT; };
		E5ABAA5E2F458AC000031FB6 /* SwiftUI.framework */ = {isa = PBXFileReference; lastKnownFileType = wrapper.framework; name = SwiftUI.framework; path = System/Library/Frameworks/SwiftUI.framework; sourceTree = SDKROOT; };
		E5ABAEA32F4DAA0100031FB6 /* CloudKit.framework */ = {isa = PBXFileReference; lastKnownFileType = wrapper.framework; name = CloudKit.framework; path = System/Library/Frameworks/CloudKit.framework; sourceTree = SDKROOT; };
		E5ABAEA52F4DAAAF00031FB6 /* PayScope WidgetsExtension.entitlements */ = {isa = PBXFileReference; lastKnownFileType = text.plist.entitlements; path = "PayScope WidgetsExtension.entitlements"; sourceTree = "<group>"; };
		E5AC7DD12F5984D800DFE5DD /* PayScope For Mac.app */ = {isa = PBXFileReference; explicitFileType = wrapper.application; includeInIndex = 0; path = "PayScope For Mac.app"; sourceTree = BUILT_PRODUCTS_DIR; };
		E5AC7E4B2F59885300DFE5DD /* CloudKit.framework */ = {isa = PBXFileReference; lastKnownFileType = wrapper.framework; name = CloudKit.framework; path = Platforms/MacOSX.platform/Developer/SDKs/MacOSX26.2.sdk/System/Library/Frameworks/CloudKit.framework; sourceTree = DEVELOPER_DIR; };
		E5CC01072FAAAAAB00000007 /* PayScopeTests.xctest */ = {isa = PBXFileReference; explicitFileType = wrapper.cfbundle; includeInIndex = 0; path = PayScopeTests.xctest; sourceTree = BUILT_PRODUCTS_DIR; };
		E5EC73472FEC02D700E600E4 /* PayScope AW Watch App.app */ = {isa = PBXFileReference; explicitFileType = wrapper.application; includeInIndex = 0; path = "PayScope AW Watch App.app"; sourceTree = BUILT_PRODUCTS_DIR; };
		E5EC73652FEC032600E600E4 /* Blau.icon */ = {isa = PBXFileReference; lastKnownFileType = folder.iconcomposer.icon; path = Blau.icon; sourceTree = "<group>"; };
		E5EC73662FEC032600E600E4 /* gruen.icon */ = {isa = PBXFileReference; lastKnownFileType = folder.iconcomposer.icon; path = gruen.icon; sourceTree = "<group>"; };
		E5EC73672FEC032600E600E4 /* indigo.icon */ = {isa = PBXFileReference; lastKnownFileType = folder.iconcomposer.icon; path = indigo.icon; sourceTree = "<group>"; };
		E5EC73682FEC032600E600E4 /* lila.icon */ = {isa = PBXFileReference; lastKnownFileType = folder.iconcomposer.icon; path = lila.icon; sourceTree = "<group>"; };
		E5EC73692FEC032600E600E4 /* orange.icon */ = {isa = PBXFileReference; lastKnownFileType = folder.iconcomposer.icon; path = orange.icon; sourceTree = "<group>"; };
		E5EC736A2FEC032600E600E4 /* pink.icon */ = {isa = PBXFileReference; lastKnownFileType = folder.iconcomposer.icon; path = pink.icon; sourceTree = "<group>"; };
		E5EC736B2FEC032600E600E4 /* rot.icon */ = {isa = PBXFileReference; lastKnownFileType = folder.iconcomposer.icon; path = rot.icon; sourceTree = "<group>"; };
		E5EC736C2FEC032600E600E4 /* turkis.icon */ = {isa = PBXFileReference; lastKnownFileType = folder.iconcomposer.icon; path = turkis.icon; sourceTree = "<group>"; };
		E5EC73772FEC100000E600E4 /* WatchShiftSnapshot.swift */ = {isa = PBXFileReference; lastKnownFileType = sourcecode.swift; path = WatchShiftSnapshot.swift; sourceTree = "<group>"; };
		E5EC73782FEC100000E600E4 /* WatchShiftViewModel.swift */ = {isa = PBXFileReference; lastKnownFileType = sourcecode.swift; path = WatchShiftViewModel.swift; sourceTree = "<group>"; };
		E5EC73812FEC100000E600E4 /* ContentView.swift */ = {isa = PBXFileReference; lastKnownFileType = sourcecode.swift; path = ContentView.swift; sourceTree = "<group>"; };
		E5EC73822FEC100000E600E4 /* PayScope_AWApp.swift */ = {isa = PBXFileReference; lastKnownFileType = sourcecode.swift; path = PayScope_AWApp.swift; sourceTree = "<group>"; };
		E5EC73832FEC100000E600E4 /* Assets.xcassets */ = {isa = PBXFileReference; lastKnownFileType = folder.assetcatalog; path = Assets.xcassets; sourceTree = "<group>"; };
		E5EC73842FEC100000E600E4 /* Blau.icon */ = {isa = PBXFileReference; lastKnownFileType = folder.iconcomposer.icon; path = Blau.icon; sourceTree = "<group>"; };
		E5EC73852FEC100000E600E4 /* gruen.icon */ = {isa = PBXFileReference; lastKnownFileType = folder.iconcomposer.icon; path = gruen.icon; sourceTree = "<group>"; };
		E5EC73862FEC100000E600E4 /* indigo.icon */ = {isa = PBXFileReference; lastKnownFileType = folder.iconcomposer.icon; path = indigo.icon; sourceTree = "<group>"; };
		E5EC73872FEC100000E600E4 /* lila.icon */ = {isa = PBXFileReference; lastKnownFileType = folder.iconcomposer.icon; path = lila.icon; sourceTree = "<group>"; };
		E5EC73882FEC100000E600E4 /* orange.icon */ = {isa = PBXFileReference; lastKnownFileType = folder.iconcomposer.icon; path = orange.icon; sourceTree = "<group>"; };
		E5EC738F2FEC100000E600E4 /* pink.icon */ = {isa = PBXFileReference; lastKnownFileType = folder.iconcomposer.icon; path = pink.icon; sourceTree = "<group>"; };
		E5EC73902FEC100000E600E4 /* rot.icon */ = {isa = PBXFileReference; lastKnownFileType = folder.iconcomposer.icon; path = rot.icon; sourceTree = "<group>"; };
		E5EC73912FEC100000E600E4 /* turkis.icon */ = {isa = PBXFileReference; lastKnownFileType = folder.iconcomposer.icon; path = turkis.icon; sourceTree = "<group>"; };
		E5EC771B2FED466100E600E4 /* PayScope AW WidgetsExtension.appex */ = {isa = PBXFileReference; explicitFileType = "wrapper.app-extension"; includeInIndex = 0; path = "PayScope AW WidgetsExtension.appex"; sourceTree = BUILT_PRODUCTS_DIR; };
		E5EC77362FED46D200E600E4 /* PayScope Atv.app */ = {isa = PBXFileReference; explicitFileType = wrapper.application; includeInIndex = 0; path = "PayScope Atv.app"; sourceTree = BUILT_PRODUCTS_DIR; };
		E5F142B62FCC646C00D7043B /* Assets.xcassets */ = {isa = PBXFileReference; lastKnownFileType = folder.assetcatalog; path = Assets.xcassets; sourceTree = "<group>"; };
		E5F142B72FCC646C00D7043B /* CalendarMonthView.swift */ = {isa = PBXFileReference; lastKnownFileType = sourcecode.swift; path = CalendarMonthView.swift; sourceTree = "<group>"; };
		E5F142B82FCC646C00D7043B /* CalendarTabView.swift */ = {isa = PBXFileReference; lastKnownFileType = sourcecode.swift; path = CalendarTabView.swift; sourceTree = "<group>"; };
		E5F142B92FCC646C00D7043B /* CloudKitReadService.swift */ = {isa = PBXFileReference; lastKnownFileType = sourcecode.swift; path = CloudKitReadService.swift; sourceTree = "<group>"; };
		E5F142BA2FCC646C00D7043B /* ContentView.swift */ = {isa = PBXFileReference; lastKnownFileType = sourcecode.swift; path = ContentView.swift; sourceTree = "<group>"; };
		E5F142BB2FCC646C00D7043B /* DayDetailView.swift */ = {isa = PBXFileReference; lastKnownFileType = sourcecode.swift; path = DayDetailView.swift; sourceTree = "<group>"; };
		E5F142BC2FCC646C00D7043B /* Formatters.swift */ = {isa = PBXFileReference; lastKnownFileType = sourcecode.swift; path = Formatters.swift; sourceTree = "<group>"; };
		E5F142BD2FCC646C00D7043B /* Item.swift */ = {isa = PBXFileReference; lastKnownFileType = sourcecode.swift; path = Item.swift; sourceTree = "<group>"; };
		E5F142BE2FCC646C00D7043B /* MenuBarIconView.swift */ = {isa = PBXFileReference; lastKnownFileType = sourcecode.swift; path = MenuBarIconView.swift; sourceTree = "<group>"; };
		E5F142BF2FCC646C00D7043B /* Models.swift */ = {isa = PBXFileReference; lastKnownFileType = sourcecode.swift; path = Models.swift; sourceTree = "<group>"; };
		E5F142C12FCC646C00D7043B /* PayScope for Mac.entitlements */ = {isa = PBXFileReference; lastKnownFileType = text.plist.entitlements; path = "PayScope for Mac.entitlements"; sourceTree = "<group>"; };
		E5F142C22FCC646C00D7043B /* PayScope_for_MacApp.swift */ = {isa = PBXFileReference; lastKnownFileType = sourcecode.swift; path = PayScope_for_MacApp.swift; sourceTree = "<group>"; };
		E5F142C32FCC646C00D7043B /* Persistence.swift */ = {isa = PBXFileReference; lastKnownFileType = sourcecode.swift; path = Persistence.swift; sourceTree = "<group>"; };
		E5FF00112FAAAAAA00000011 /* Assets.xcassets */ = {isa = PBXFileReference; lastKnownFileType = folder.assetcatalog; path = Assets.xcassets; sourceTree = "<group>"; };
		E5FF00122FAAAAAA00000012 /* Info.plist */ = {isa = PBXFileReference; lastKnownFileType = text.plist.xml; path = Info.plist; sourceTree = "<group>"; };
		E5FF00132FAAAAAA00000013 /* PayScope_WidgetsBundle.swift */ = {isa = PBXFileReference; lastKnownFileType = sourcecode.swift; path = PayScope_WidgetsBundle.swift; sourceTree = "<group>"; };
		E5FF00142FAAAAAA00000014 /* PayScope_WidgetsControl.swift */ = {isa = PBXFileReference; lastKnownFileType = sourcecode.swift; path = PayScope_WidgetsControl.swift; sourceTree = "<group>"; };
		E5FF00152FAAAAAA00000015 /* PayScope_WidgetsLiveActivity.swift */ = {isa = PBXFileReference; lastKnownFileType = sourcecode.swift; path = PayScope_WidgetsLiveActivity.swift; sourceTree = "<group>"; };
/* End PBXFileReference section */

/* Begin PBXFileSystemSynchronizedBuildFileExceptionSet section */
		E5EC77302FED466300E600E4 /* Exceptions for "PayScope AW Widgets" folder in "PayScope AW WidgetsExtension" target */ = {
			isa = PBXFileSystemSynchronizedBuildFileExceptionSet;
			membershipExceptions = (
				Info.plist,
			);
			target = E5EC771A2FED466100E600E4 /* PayScope AW WidgetsExtension */;
		};
		E5EC77422FED46D400E600E4 /* Exceptions for "PayScope Atv" folder in "PayScope Atv" target */ = {
			isa = PBXFileSystemSynchronizedBuildFileExceptionSet;
			membershipExceptions = (
				Info.plist,
			);
			target = E5EC77352FED46D200E600E4 /* PayScope Atv */;
		};
/* End PBXFileSystemSynchronizedBuildFileExceptionSet section */

/* Begin PBXFileSystemSynchronizedRootGroup section */
		E5ABA9C42F44731100031FB6 /* PayScope */ = {
			isa = PBXFileSystemSynchronizedRootGroup;
			path = PayScope;
			sourceTree = "<group>";
		};
		E5CC01022FAAAAAB00000002 /* PayScopeTests */ = {
			isa = PBXFileSystemSynchronizedRootGroup;
			path = PayScopeTests;
			sourceTree = "<group>";
		};
		E5EC771E2FED466100E600E4 /* PayScope AW Widgets */ = {
			isa = PBXFileSystemSynchronizedRootGroup;
			exceptions = (
				E5EC77302FED466300E600E4 /* Exceptions for "PayScope AW Widgets" folder in "PayScope AW WidgetsExtension" target */,
			);
			path = "PayScope AW Widgets";
			sourceTree = "<group>";
		};
		E5EC77372FED46D200E600E4 /* PayScope Atv */ = {
			isa = PBXFileSystemSynchronizedRootGroup;
			exceptions = (
				E5EC77422FED46D400E600E4 /* Exceptions for "PayScope Atv" folder in "PayScope Atv" target */,
			);
			path = "PayScope Atv";
			sourceTree = "<group>";
		};
/* End PBXFileSystemSynchronizedRootGroup section */

/* Begin PBXFrameworksBuildPhase section */
		E5ABA9BF2F44731100031FB6 /* Frameworks */ = {
			isa = PBXFrameworksBuildPhase;
			buildActionMask = 2147483647;
			files = (
				E539C2C42FB4A8D600E09AE4 /* Notelet in Frameworks */,
				E580ADFE2FB1E88C0005C14B /* FabBar in Frameworks */,
				E5ABAFD22F4F32DB00031FB6 /* CloudKit.framework in Frameworks */,
			);
			runOnlyForDeploymentPostprocessing = 0;
		};
		E5ABAA572F458AC000031FB6 /* Frameworks */ = {
			isa = PBXFrameworksBuildPhase;
			buildActionMask = 2147483647;
			files = (
				E5ABAEA42F4DAA0100031FB6 /* CloudKit.framework in Frameworks */,
				E5ABAA5F2F458AC000031FB6 /* SwiftUI.framework in Frameworks */,
				E5ABAA5D2F458AC000031FB6 /* WidgetKit.framework in Frameworks */,
			);
			runOnlyForDeploymentPostprocessing = 0;
		};
		E5AC7DCE2F5984D800DFE5DD /* Frameworks */ = {
			isa = PBXFrameworksBuildPhase;
			buildActionMask = 2147483647;
			files = (
				E5AC7E4D2F59885600DFE5DD /* CloudKit.framework in Frameworks */,
			);
			runOnlyForDeploymentPostprocessing = 0;
		};
		E5CC01042FAAAAAB00000004 /* Frameworks */ = {
			isa = PBXFrameworksBuildPhase;
			buildActionMask = 2147483647;
			files = (
			);
			runOnlyForDeploymentPostprocessing = 0;
		};
		E5EC73442FEC02D700E600E4 /* Frameworks */ = {
			isa = PBXFrameworksBuildPhase;
			buildActionMask = 2147483647;
			files = (
			);
			runOnlyForDeploymentPostprocessing = 0;
		};
		E5EC77182FED466100E600E4 /* Frameworks */ = {
			isa = PBXFrameworksBuildPhase;
			buildActionMask = 2147483647;
			files = (
				E5EC771D2FED466100E600E4 /* SwiftUI.framework in Frameworks */,
				E5EC771C2FED466100E600E4 /* WidgetKit.framework in Frameworks */,
			);
			runOnlyForDeploymentPostprocessing = 0;
		};
		E5EC77332FED46D200E600E4 /* Frameworks */ = {
			isa = PBXFrameworksBuildPhase;
			buildActionMask = 2147483647;
			files = (
			);
			runOnlyForDeploymentPostprocessing = 0;
		};
/* End PBXFrameworksBuildPhase section */

/* Begin PBXGroup section */
		E5ABA9B92F44731100031FB6 = {
			isa = PBXGroup;
			children = (
				E5ABAEA52F4DAAAF00031FB6 /* PayScope WidgetsExtension.entitlements */,
				E5F142C42FCC646C00D7043B /* PayScope for Mac */,
				E5ABA9C42F44731100031FB6 /* PayScope */,
				E5CC01022FAAAAAB00000002 /* PayScopeTests */,
				E5ABAA602F458AC000031FB6 /* PayScope Widgets */,
				E5EC73482FEC02D700E600E4 /* PayScope AW Watch App */,
				E5EC771E2FED466100E600E4 /* PayScope AW Widgets */,
				E5EC77372FED46D200E600E4 /* PayScope Atv */,
				E5ABAA5B2F458AC000031FB6 /* Frameworks */,
				E5ABA9C32F44731100031FB6 /* Products */,
			);
			sourceTree = "<group>";
		};
		E5ABA9C32F44731100031FB6 /* Products */ = {
			isa = PBXGroup;
			children = (
				E5ABA9C22F44731100031FB6 /* PayScope.app */,
				E5ABAA5A2F458AC000031FB6 /* PayScope WidgetsExtension.appex */,
				E5AC7DD12F5984D800DFE5DD /* PayScope For Mac.app */,
				E5CC01072FAAAAAB00000007 /* PayScopeTests.xctest */,
				E5EC73472FEC02D700E600E4 /* PayScope AW Watch App.app */,
				E5EC771B2FED466100E600E4 /* PayScope AW WidgetsExtension.appex */,
				E5EC77362FED46D200E600E4 /* PayScope Atv.app */,
			);
			name = Products;
			sourceTree = "<group>";
		};
		E5ABAA5B2F458AC000031FB6 /* Frameworks */ = {
			isa = PBXGroup;
			children = (
				E5ABAEA32F4DAA0100031FB6 /* CloudKit.framework */,
				E5AC7E4B2F59885300DFE5DD /* CloudKit.framework */,
				E5ABAA5C2F458AC000031FB6 /* WidgetKit.framework */,
				E5ABAA5E2F458AC000031FB6 /* SwiftUI.framework */,
			);
			name = Frameworks;
			sourceTree = "<group>";
		};
		E5ABAA602F458AC000031FB6 /* PayScope Widgets */ = {
			isa = PBXGroup;
			children = (
				E5FF00112FAAAAAA00000011 /* Assets.xcassets */,
				E5FF00122FAAAAAA00000012 /* Info.plist */,
				E5FF00132FAAAAAA00000013 /* PayScope_WidgetsBundle.swift */,
				E5FF00142FAAAAAA00000014 /* PayScope_WidgetsControl.swift */,
				E5FF00152FAAAAAA00000015 /* PayScope_WidgetsLiveActivity.swift */,
			);
			path = "PayScope Widgets";
			sourceTree = "<group>";
		};
		E5EC73482FEC02D700E600E4 /* PayScope AW Watch App */ = {
			isa = PBXGroup;
			children = (
				E5EC73832FEC100000E600E4 /* Assets.xcassets */,
				E5EC73842FEC100000E600E4 /* Blau.icon */,
				E5EC73852FEC100000E600E4 /* gruen.icon */,
				E5EC73862FEC100000E600E4 /* indigo.icon */,
				E5EC73872FEC100000E600E4 /* lila.icon */,
				E5EC73882FEC100000E600E4 /* orange.icon */,
				E5EC738F2FEC100000E600E4 /* pink.icon */,
				E5EC73902FEC100000E600E4 /* rot.icon */,
				E5EC73912FEC100000E600E4 /* turkis.icon */,
				E5EC73812FEC100000E600E4 /* ContentView.swift */,
				E5EC73822FEC100000E600E4 /* PayScope_AWApp.swift */,
				E5EC73772FEC100000E600E4 /* WatchShiftSnapshot.swift */,
				E5EC73782FEC100000E600E4 /* WatchShiftViewModel.swift */,
			);
			path = "PayScope AW Watch App";
			sourceTree = "<group>";
		};
		E5F142C42FCC646C00D7043B /* PayScope for Mac */ = {
			isa = PBXGroup;
			children = (
				E5EC73652FEC032600E600E4 /* Blau.icon */,
				E5EC73662FEC032600E600E4 /* gruen.icon */,
				E5EC73672FEC032600E600E4 /* indigo.icon */,
				E5EC73682FEC032600E600E4 /* lila.icon */,
				E5EC73692FEC032600E600E4 /* orange.icon */,
				E5EC736A2FEC032600E600E4 /* pink.icon */,
				E5EC736B2FEC032600E600E4 /* rot.icon */,
				E5EC736C2FEC032600E600E4 /* turkis.icon */,
				E5F142B62FCC646C00D7043B /* Assets.xcassets */,
				E5F142B72FCC646C00D7043B /* CalendarMonthView.swift */,
				E5F142B82FCC646C00D7043B /* CalendarTabView.swift */,
				E5F142B92FCC646C00D7043B /* CloudKitReadService.swift */,
				E5F142BA2FCC646C00D7043B /* ContentView.swift */,
				E5F142BB2FCC646C00D7043B /* DayDetailView.swift */,
				E5F142BC2FCC646C00D7043B /* Formatters.swift */,
				E5F142BD2FCC646C00D7043B /* Item.swift */,
				E5F142BE2FCC646C00D7043B /* MenuBarIconView.swift */,
				E5F142BF2FCC646C00D7043B /* Models.swift */,
				E5F142C12FCC646C00D7043B /* PayScope for Mac.entitlements */,
				E5F142C22FCC646C00D7043B /* PayScope_for_MacApp.swift */,
				E5F142C32FCC646C00D7043B /* Persistence.swift */,
			);
			path = "PayScope for Mac";
			sourceTree = "<group>";
		};
/* End PBXGroup section */

/* Begin PBXNativeTarget section */
		E5ABA9C12F44731100031FB6 /* PayScope */ = {
			isa = PBXNativeTarget;
			buildConfigurationList = E5ABA9CD2F44731200031FB6 /* Build configuration list for PBXNativeTarget "PayScope" */;
			buildPhases = (
				E5ABA9BE2F44731100031FB6 /* Sources */,
				E5ABA9BF2F44731100031FB6 /* Frameworks */,
				E5ABA9C02F44731100031FB6 /* Resources */,
				E5ABAA752F458AC100031FB6 /* Embed Foundation Extensions */,
				E59E77562F865960006A872F /* Embed Watch Content */,
			);
			buildRules = (
			);
			dependencies = (
				E5ABAA6F2F458AC100031FB6 /* PBXTargetDependency */,
				E5EC73502FEC02D800E600E4 /* PBXTargetDependency */,
			);
			fileSystemSynchronizedGroups = (
				E5ABA9C42F44731100031FB6 /* PayScope */,
			);
			name = PayScope;
			packageProductDependencies = (
				E580ADFD2FB1E88C0005C14B /* FabBar */,
				E539C2C32FB4A8D600E09AE4 /* Notelet */,
			);
			productName = PayScope;
			productReference = E5ABA9C22F44731100031FB6 /* PayScope.app */;
			productType = "com.apple.product-type.application";
		};
		E5ABAA592F458AC000031FB6 /* PayScope WidgetsExtension */ = {
			isa = PBXNativeTarget;
			buildConfigurationList = E5ABAA722F458AC100031FB6 /* Build configuration list for PBXNativeTarget "PayScope WidgetsExtension" */;
			buildPhases = (
				E5ABAA562F458AC000031FB6 /* Sources */,
				E5ABAA572F458AC000031FB6 /* Frameworks */,
				E5ABAA582F458AC000031FB6 /* Resources */,
			);
			buildRules = (
			);
			dependencies = (
			);
			name = "PayScope WidgetsExtension";
			packageProductDependencies = (
			);
			productName = "PayScope WidgetsExtension";
			productReference = E5ABAA5A2F458AC000031FB6 /* PayScope WidgetsExtension.appex */;
			productType = "com.apple.product-type.app-extension";
		};
		E5AC7DD02F5984D800DFE5DD /* PayScope For Mac */ = {
			isa = PBXNativeTarget;
			buildConfigurationList = E5AC7DDB2F5984D900DFE5DD /* Build configuration list for PBXNativeTarget "PayScope For Mac" */;
			buildPhases = (
				E5AC7DCD2F5984D800DFE5DD /* Sources */,
				E5AC7DCE2F5984D800DFE5DD /* Frameworks */,
				E5AC7DCF2F5984D800DFE5DD /* Resources */,
			);
			buildRules = (
			);
			dependencies = (
			);
			name = "PayScope For Mac";
			packageProductDependencies = (
			);
			productName = "PayScope For Mac";
			productReference = E5AC7DD12F5984D800DFE5DD /* PayScope For Mac.app */;
			productType = "com.apple.product-type.application";
		};
		E5CC01062FAAAAAB00000006 /* PayScopeTests */ = {
			isa = PBXNativeTarget;
			buildConfigurationList = E5CC010A2FAAAAAB0000000A /* Build configuration list for PBXNativeTarget "PayScopeTests" */;
			buildPhases = (
				E5CC01032FAAAAAB00000003 /* Sources */,
				E5CC01042FAAAAAB00000004 /* Frameworks */,
				E5CC01052FAAAAAB00000005 /* Resources */,
			);
			buildRules = (
			);
			dependencies = (
				E5CC010C2FAAAAAB0000000C /* PBXTargetDependency */,
			);
			fileSystemSynchronizedGroups = (
				E5CC01022FAAAAAB00000002 /* PayScopeTests */,
			);
			name = PayScopeTests;
			packageProductDependencies = (
			);
			productName = PayScopeTests;
			productReference = E5CC01072FAAAAAB00000007 /* PayScopeTests.xctest */;
			productType = "com.apple.product-type.bundle.unit-test";
		};
		E5EC73462FEC02D700E600E4 /* PayScope AW Watch App */ = {
			isa = PBXNativeTarget;
			buildConfigurationList = E5EC73542FEC02D800E600E4 /* Build configuration list for PBXNativeTarget "PayScope AW Watch App" */;
			buildPhases = (
				E5EC73432FEC02D700E600E4 /* Sources */,
				E5EC73442FEC02D700E600E4 /* Frameworks */,
				E5EC73452FEC02D700E600E4 /* Resources */,
				E5EC772D2FED466300E600E4 /* Embed Foundation Extensions */,
			);
			buildRules = (
			);
			dependencies = (
				E5EC772B2FED466300E600E4 /* PBXTargetDependency */,
			);
			name = "PayScope AW Watch App";
			packageProductDependencies = (
			);
			productName = "PayScope AW Watch App";
			productReference = E5EC73472FEC02D700E600E4 /* PayScope AW Watch App.app */;
			productType = "com.apple.product-type.application";
		};
		E5EC771A2FED466100E600E4 /* PayScope AW WidgetsExtension */ = {
			isa = PBXNativeTarget;
			buildConfigurationList = E5EC77312FED466300E600E4 /* Build configuration list for PBXNativeTarget "PayScope AW WidgetsExtension" */;
			buildPhases = (
				E5EC77172FED466100E600E4 /* Sources */,
				E5EC77182FED466100E600E4 /* Frameworks */,
				E5EC77192FED466100E600E4 /* Resources */,
			);
			buildRules = (
			);
			dependencies = (
			);
			fileSystemSynchronizedGroups = (
				E5EC771E2FED466100E600E4 /* PayScope AW Widgets */,
			);
			name = "PayScope AW WidgetsExtension";
			packageProductDependencies = (
			);
			productName = "PayScope AW WidgetsExtension";
			productReference = E5EC771B2FED466100E600E4 /* PayScope AW WidgetsExtension.appex */;
			productType = "com.apple.product-type.app-extension";
		};
		E5EC77352FED46D200E600E4 /* PayScope Atv */ = {
			isa = PBXNativeTarget;
			buildConfigurationList = E5EC77432FED46D400E600E4 /* Build configuration list for PBXNativeTarget "PayScope Atv" */;
			buildPhases = (
				E5EC77322FED46D200E600E4 /* Sources */,
				E5EC77332FED46D200E600E4 /* Frameworks */,
				E5EC77342FED46D200E600E4 /* Resources */,
			);
			buildRules = (
			);
			dependencies = (
			);
			fileSystemSynchronizedGroups = (
				E5EC77372FED46D200E600E4 /* PayScope Atv */,
			);
			name = "PayScope Atv";
			packageProductDependencies = (
			);
			productName = "PayScope Atv";
			productReference = E5EC77362FED46D200E600E4 /* PayScope Atv.app */;
			productType = "com.apple.product-type.application";
		};
/* End PBXNativeTarget section */

/* Begin PBXProject section */
		E5ABA9BA2F44731100031FB6 /* Project object */ = {
			isa = PBXProject;
			attributes = {
				BuildIndependentTargetsInParallel = 1;
				LastSwiftUpdateCheck = 2650;
				LastUpgradeCheck = 2640;
				TargetAttributes = {
					E5ABA9C12F44731100031FB6 = {
						CreatedOnToolsVersion = 26.2;
					};
					E5ABAA592F458AC000031FB6 = {
						CreatedOnToolsVersion = 26.2;
					};
					E5AC7DD02F5984D800DFE5DD = {
						CreatedOnToolsVersion = 26.3;
					};
					E5CC01062FAAAAAB00000006 = {
						CreatedOnToolsVersion = 26.2;
						TestTargetID = E5ABA9C12F44731100031FB6;
					};
					E5EC73462FEC02D700E600E4 = {
						CreatedOnToolsVersion = 26.5;
					};
					E5EC771A2FED466100E600E4 = {
						CreatedOnToolsVersion = 26.5;
					};
					E5EC77352FED46D200E600E4 = {
						CreatedOnToolsVersion = 26.5;
					};
				};
			};
			buildConfigurationList = E5ABA9BD2F44731100031FB6 /* Build configuration list for PBXProject "PayScope" */;
			developmentRegion = en;
			hasScannedForEncodings = 0;
			knownRegions = (
				en,
				Base,
			);
			mainGroup = E5ABA9B92F44731100031FB6;
			minimizedProjectReferenceProxies = 1;
			packageReferences = (
				E580ADFC2FB1E88C0005C14B /* XCRemoteSwiftPackageReference "FabBar" */,
				E539C2C22FB4A8D600E09AE4 /* XCRemoteSwiftPackageReference "notelet" */,
			);
			preferredProjectObjectVersion = 77;
			productRefGroup = E5ABA9C32F44731100031FB6 /* Products */;
			projectDirPath = "";
			projectRoot = "";
			targets = (
				E5ABA9C12F44731100031FB6 /* PayScope */,
				E5ABAA592F458AC000031FB6 /* PayScope WidgetsExtension */,
				E5AC7DD02F5984D800DFE5DD /* PayScope For Mac */,
				E5CC01062FAAAAAB00000006 /* PayScopeTests */,
				E5EC73462FEC02D700E600E4 /* PayScope AW Watch App */,
				E5EC771A2FED466100E600E4 /* PayScope AW WidgetsExtension */,
				E5EC77352FED46D200E600E4 /* PayScope Atv */,
			);
		};
/* End PBXProject section */

/* Begin PBXResourcesBuildPhase section */
		E5ABA9C02F44731100031FB6 /* Resources */ = {
			isa = PBXResourcesBuildPhase;
			buildActionMask = 2147483647;
			files = (
			);
			runOnlyForDeploymentPostprocessing = 0;
		};
		E5ABAA582F458AC000031FB6 /* Resources */ = {
			isa = PBXResourcesBuildPhase;
			buildActionMask = 2147483647;
			files = (
				E5FF00042FAAAAAA00000004 /* Assets.xcassets in Resources */,
			);
			runOnlyForDeploymentPostprocessing = 0;
		};
		E5AC7DCF2F5984D800DFE5DD /* Resources */ = {
			isa = PBXResourcesBuildPhase;
			buildActionMask = 2147483647;
			files = (
				E5F142C62FCC646C00D7043B /* Assets.xcassets in Resources */,
				E5EC736D2FEC032600E600E4 /* Blau.icon in Resources */,
				E5EC736E2FEC032600E600E4 /* gruen.icon in Resources */,
				E5EC736F2FEC032600E600E4 /* pink.icon in Resources */,
				E5EC73702FEC032600E600E4 /* rot.icon in Resources */,
				E5EC73712FEC032600E600E4 /* orange.icon in Resources */,
				E5EC73722FEC032600E600E4 /* indigo.icon in Resources */,
				E5EC73732FEC032600E600E4 /* lila.icon in Resources */,
				E5EC73742FEC032600E600E4 /* turkis.icon in Resources */,
			);
			runOnlyForDeploymentPostprocessing = 0;
		};
		E5CC01052FAAAAAB00000005 /* Resources */ = {
			isa = PBXResourcesBuildPhase;
			buildActionMask = 2147483647;
			files = (
			);
			runOnlyForDeploymentPostprocessing = 0;
		};
		E5EC73452FEC02D700E600E4 /* Resources */ = {
			isa = PBXResourcesBuildPhase;
			buildActionMask = 2147483647;
			files = (
				E5EC737B2FEC100000E600E4 /* Assets.xcassets in Resources */,
				E5EC737C2FEC100000E600E4 /* Blau.icon in Resources */,
				E5EC737D2FEC100000E600E4 /* gruen.icon in Resources */,
				E5EC737E2FEC100000E600E4 /* indigo.icon in Resources */,
				E5EC737F2FEC100000E600E4 /* lila.icon in Resources */,
				E5EC73802FEC100000E600E4 /* orange.icon in Resources */,
				E5EC73892FEC100000E600E4 /* pink.icon in Resources */,
				E5EC738A2FEC100000E600E4 /* rot.icon in Resources */,
				E5EC738B2FEC100000E600E4 /* turkis.icon in Resources */,
			);
			runOnlyForDeploymentPostprocessing = 0;
		};
		E5EC77192FED466100E600E4 /* Resources */ = {
			isa = PBXResourcesBuildPhase;
			buildActionMask = 2147483647;
			files = (
			);
			runOnlyForDeploymentPostprocessing = 0;
		};
		E5EC77342FED46D200E600E4 /* Resources */ = {
			isa = PBXResourcesBuildPhase;
			buildActionMask = 2147483647;
			files = (
			);
			runOnlyForDeploymentPostprocessing = 0;
		};
/* End PBXResourcesBuildPhase section */

/* Begin PBXSourcesBuildPhase section */
		E5ABA9BE2F44731100031FB6 /* Sources */ = {
			isa = PBXSourcesBuildPhase;
			buildActionMask = 2147483647;
			files = (
			);
			runOnlyForDeploymentPostprocessing = 0;
		};
		E5ABAA562F458AC000031FB6 /* Sources */ = {
			isa = PBXSourcesBuildPhase;
			buildActionMask = 2147483647;
			files = (
				E5FF00012FAAAAAA00000001 /* PayScope_WidgetsBundle.swift in Sources */,
				E5FF00022FAAAAAA00000002 /* PayScope_WidgetsControl.swift in Sources */,
				E5FF00032FAAAAAA00000003 /* PayScope_WidgetsLiveActivity.swift in Sources */,
			);
			runOnlyForDeploymentPostprocessing = 0;
		};
		E5AC7DCD2F5984D800DFE5DD /* Sources */ = {
			isa = PBXSourcesBuildPhase;
			buildActionMask = 2147483647;
			files = (
				E5F142C72FCC646C00D7043B /* ContentView.swift in Sources */,
				E5F142C82FCC646C00D7043B /* MenuBarIconView.swift in Sources */,
				E5F142C92FCC646C00D7043B /* Item.swift in Sources */,
				E5F142CA2FCC646C00D7043B /* DayDetailView.swift in Sources */,
				E5F142CB2FCC646C00D7043B /* CloudKitReadService.swift in Sources */,
				E5F142CC2FCC646C00D7043B /* PayScope_for_MacApp.swift in Sources */,
				E5F142CD2FCC646C00D7043B /* Persistence.swift in Sources */,
				E5F142CE2FCC646C00D7043B /* CalendarMonthView.swift in Sources */,
				E5F142CF2FCC646C00D7043B /* Models.swift in Sources */,
				E5F142D02FCC646C00D7043B /* Formatters.swift in Sources */,
				E5F142D12FCC646C00D7043B /* CalendarTabView.swift in Sources */,
			);
			runOnlyForDeploymentPostprocessing = 0;
		};
		E5CC01032FAAAAAB00000003 /* Sources */ = {
			isa = PBXSourcesBuildPhase;
			buildActionMask = 2147483647;
			files = (
			);
			runOnlyForDeploymentPostprocessing = 0;
		};
		E5EC73432FEC02D700E600E4 /* Sources */ = {
			isa = PBXSourcesBuildPhase;
			buildActionMask = 2147483647;
			files = (
				E5EC73792FEC100000E600E4 /* ContentView.swift in Sources */,
				E5EC737A2FEC100000E600E4 /* PayScope_AWApp.swift in Sources */,
				E5EC73752FEC100000E600E4 /* WatchShiftSnapshot.swift in Sources */,
				E5EC73762FEC100000E600E4 /* WatchShiftViewModel.swift in Sources */,
			);
			runOnlyForDeploymentPostprocessing = 0;
		};
		E5EC77172FED466100E600E4 /* Sources */ = {
			isa = PBXSourcesBuildPhase;
			buildActionMask = 2147483647;
			files = (
			);
			runOnlyForDeploymentPostprocessing = 0;
		};
		E5EC77322FED46D200E600E4 /* Sources */ = {
			isa = PBXSourcesBuildPhase;
			buildActionMask = 2147483647;
			files = (
			);
			runOnlyForDeploymentPostprocessing = 0;
		};
/* End PBXSourcesBuildPhase section */

/* Begin PBXTargetDependency section */
		E5ABAA6F2F458AC100031FB6 /* PBXTargetDependency */ = {
			isa = PBXTargetDependency;
			target = E5ABAA592F458AC000031FB6 /* PayScope WidgetsExtension */;
			targetProxy = E5ABAA6E2F458AC100031FB6 /* PBXContainerItemProxy */;
		};
		E5CC010C2FAAAAAB0000000C /* PBXTargetDependency */ = {
			isa = PBXTargetDependency;
			target = E5ABA9C12F44731100031FB6 /* PayScope */;
			targetProxy = E5CC010B2FAAAAAB0000000B /* PBXContainerItemProxy */;
		};
		E5EC73502FEC02D800E600E4 /* PBXTargetDependency */ = {
			isa = PBXTargetDependency;
			target = E5EC73462FEC02D700E600E4 /* PayScope AW Watch App */;
			targetProxy = E5EC734F2FEC02D800E600E4 /* PBXContainerItemProxy */;
		};
		E5EC772B2FED466300E600E4 /* PBXTargetDependency */ = {
			isa = PBXTargetDependency;
			target = E5EC771A2FED466100E600E4 /* PayScope AW WidgetsExtension */;
			targetProxy = E5EC772A2FED466300E600E4 /* PBXContainerItemProxy */;
		};
/* End PBXTargetDependency section */

/* Begin XCBuildConfiguration section */
		E5ABA9CB2F44731200031FB6 /* Debug */ = {
			isa = XCBuildConfiguration;
			buildSettings = {
				ALWAYS_SEARCH_USER_PATHS = NO;
				ASSETCATALOG_COMPILER_GENERATE_SWIFT_ASSET_SYMBOL_EXTENSIONS = YES;
				CLANG_ANALYZER_NONNULL = YES;
				CLANG_ANALYZER_NUMBER_OBJECT_CONVERSION = YES_AGGRESSIVE;
				CLANG_CXX_LANGUAGE_STANDARD = "gnu++20";
				CLANG_ENABLE_MODULES = YES;
				CLANG_ENABLE_OBJC_ARC = YES;
				CLANG_ENABLE_OBJC_WEAK = YES;
				CLANG_WARN_BLOCK_CAPTURE_AUTORELEASING = YES;
				CLANG_WARN_BOOL_CONVERSION = YES;
				CLANG_WARN_COMMA = YES;
				CLANG_WARN_CONSTANT_CONVERSION = YES;
				CLANG_WARN_DEPRECATED_OBJC_IMPLEMENTATIONS = YES;
				CLANG_WARN_DIRECT_OBJC_ISA_USAGE = YES_ERROR;
				CLANG_WARN_DOCUMENTATION_COMMENTS = YES;
				CLANG_WARN_EMPTY_BODY = YES;
				CLANG_WARN_ENUM_CONVERSION = YES;
				CLANG_WARN_INFINITE_RECURSION = YES;
				CLANG_WARN_INT_CONVERSION = YES;
				CLANG_WARN_NON_LITERAL_NULL_CONVERSION = YES;
				CLANG_WARN_OBJC_IMPLICIT_RETAIN_SELF = YES;
				CLANG_WARN_OBJC_LITERAL_CONVERSION = YES;
				CLANG_WARN_OBJC_ROOT_CLASS = YES_ERROR;
				CLANG_WARN_QUOTED_INCLUDE_IN_FRAMEWORK_HEADER = YES;
				CLANG_WARN_RANGE_LOOP_ANALYSIS = YES;
				CLANG_WARN_STRICT_PROTOTYPES = YES;
				CLANG_WARN_SUSPICIOUS_MOVE = YES;
				CLANG_WARN_UNGUARDED_AVAILABILITY = YES_AGGRESSIVE;
				CLANG_WARN_UNREACHABLE_CODE = YES;
				CLANG_WARN__DUPLICATE_METHOD_MATCH = YES;
				COPY_PHASE_STRIP = NO;
				DEBUG_INFORMATION_FORMAT = dwarf;
				DEVELOPMENT_TEAM = 8W4U9DBYVS;
				ENABLE_STRICT_OBJC_MSGSEND = YES;
				ENABLE_TESTABILITY = YES;
				ENABLE_USER_SCRIPT_SANDBOXING = YES;
				GCC_C_LANGUAGE_STANDARD = gnu17;
				GCC_DYNAMIC_NO_PIC = NO;
				GCC_NO_COMMON_BLOCKS = YES;
				GCC_OPTIMIZATION_LEVEL = 0;
				GCC_PREPROCESSOR_DEFINITIONS = (
					"DEBUG=1",
					"$(inherited)",
				);
				GCC_WARN_64_TO_32_BIT_CONVERSION = YES;
				GCC_WARN_ABOUT_RETURN_TYPE = YES_ERROR;
				GCC_WARN_UNDECLARED_SELECTOR = YES;
				GCC_WARN_UNINITIALIZED_AUTOS = YES_AGGRESSIVE;
				GCC_WARN_UNUSED_FUNCTION = YES;
				GCC_WARN_UNUSED_VARIABLE = YES;
				IPHONEOS_DEPLOYMENT_TARGET = 26.2;
				LOCALIZATION_PREFERS_STRING_CATALOGS = YES;
				MTL_ENABLE_DEBUG_INFO = INCLUDE_SOURCE;
				MTL_FAST_MATH = YES;
				ONLY_ACTIVE_ARCH = YES;
				SDKROOT = iphoneos;
				STRING_CATALOG_GENERATE_SYMBOLS = YES;
				SWIFT_ACTIVE_COMPILATION_CONDITIONS = "DEBUG $(inherited)";
				SWIFT_OPTIMIZATION_LEVEL = "-Onone";
			};
			name = Debug;
		};
		E5ABA9CC2F44731200031FB6 /* Release */ = {
			isa = XCBuildConfiguration;
			buildSettings = {
				ALWAYS_SEARCH_USER_PATHS = NO;
				ASSETCATALOG_COMPILER_GENERATE_SWIFT_ASSET_SYMBOL_EXTENSIONS = YES;
				CLANG_ANALYZER_NONNULL = YES;
				CLANG_ANALYZER_NUMBER_OBJECT_CONVERSION = YES_AGGRESSIVE;
				CLANG_CXX_LANGUAGE_STANDARD = "gnu++20";
				CLANG_ENABLE_MODULES = YES;
				CLANG_ENABLE_OBJC_ARC = YES;
				CLANG_ENABLE_OBJC_WEAK = YES;
				CLANG_WARN_BLOCK_CAPTURE_AUTORELEASING = YES;
				CLANG_WARN_BOOL_CONVERSION = YES;
				CLANG_WARN_COMMA = YES;
				CLANG_WARN_CONSTANT_CONVERSION = YES;
				CLANG_WARN_DEPRECATED_OBJC_IMPLEMENTATIONS = YES;
				CLANG_WARN_DIRECT_OBJC_ISA_USAGE = YES_ERROR;
				CLANG_WARN_DOCUMENTATION_COMMENTS = YES;
				CLANG_WARN_EMPTY_BODY = YES;
				CLANG_WARN_ENUM_CONVERSION = YES;
				CLANG_WARN_INFINITE_RECURSION = YES;
				CLANG_WARN_INT_CONVERSION = YES;
				CLANG_WARN_NON_LITERAL_NULL_CONVERSION = YES;
				CLANG_WARN_OBJC_IMPLICIT_RETAIN_SELF = YES;
				CLANG_WARN_OBJC_LITERAL_CONVERSION = YES;
				CLANG_WARN_OBJC_ROOT_CLASS = YES_ERROR;
				CLANG_WARN_QUOTED_INCLUDE_IN_FRAMEWORK_HEADER = YES;
				CLANG_WARN_RANGE_LOOP_ANALYSIS = YES;
				CLANG_WARN_STRICT_PROTOTYPES = YES;
				CLANG_WARN_SUSPICIOUS_MOVE = YES;
				CLANG_WARN_UNGUARDED_AVAILABILITY = YES_AGGRESSIVE;
				CLANG_WARN_UNREACHABLE_CODE = YES;
				CLANG_WARN__DUPLICATE_METHOD_MATCH = YES;
				COPY_PHASE_STRIP = NO;
				DEBUG_INFORMATION_FORMAT = "dwarf-with-dsym";
				DEVELOPMENT_TEAM = 8W4U9DBYVS;
				ENABLE_NS_ASSERTIONS = NO;
				ENABLE_STRICT_OBJC_MSGSEND = YES;
				ENABLE_USER_SCRIPT_SANDBOXING = YES;
				GCC_C_LANGUAGE_STANDARD = gnu17;
				GCC_NO_COMMON_BLOCKS = YES;
				GCC_WARN_64_TO_32_BIT_CONVERSION = YES;
				GCC_WARN_ABOUT_RETURN_TYPE = YES_ERROR;
				GCC_WARN_UNDECLARED_SELECTOR = YES;
				GCC_WARN_UNINITIALIZED_AUTOS = YES_AGGRESSIVE;
				GCC_WARN_UNUSED_FUNCTION = YES;
				GCC_WARN_UNUSED_VARIABLE = YES;
				IPHONEOS_DEPLOYMENT_TARGET = 26.2;
				LOCALIZATION_PREFERS_STRING_CATALOGS = YES;
				MTL_ENABLE_DEBUG_INFO = NO;
				MTL_FAST_MATH = YES;
				SDKROOT = iphoneos;
				STRING_CATALOG_GENERATE_SYMBOLS = YES;
				SWIFT_COMPILATION_MODE = wholemodule;
				VALIDATE_PRODUCT = YES;
			};
			name = Release;
		};
		E5ABA9CE2F44731200031FB6 /* Debug */ = {
			isa = XCBuildConfiguration;
			buildSettings = {
				ASSETCATALOG_COMPILER_ALTERNATE_APPICON_NAMES = "rot orange pink lila gruen turkis indigo";
				ASSETCATALOG_COMPILER_APPICON_NAME = Blau;
				ASSETCATALOG_COMPILER_GLOBAL_ACCENT_COLOR_NAME = AccentColor;
				CODE_SIGN_ENTITLEMENTS = PayScope/PayScope.entitlements;
				CODE_SIGN_STYLE = Automatic;
				CURRENT_PROJECT_VERSION = 1;
				DEVELOPMENT_TEAM = 8W4U9DBYVS;
				ENABLE_PREVIEWS = YES;
				GENERATE_INFOPLIST_FILE = YES;
				INFOPLIST_KEY_CFBundleDisplayName = PayScope;
				INFOPLIST_KEY_ITSAppUsesNonExemptEncryption = NO;
				INFOPLIST_KEY_LSApplicationCategoryType = "public.app-category.finance";
				INFOPLIST_KEY_NSCalendarsFullAccessUsageDescription = "PayScope exportiert deine Schichten in einen eigenen Apple Kalender.";
				INFOPLIST_KEY_NSCalendarsUsageDescription = "PayScope exportiert deine Schichten in einen eigenen Apple Kalender.";
				INFOPLIST_KEY_NSSupportsLiveActivities = YES;
				INFOPLIST_KEY_UIApplicationSceneManifest_Generation = YES;
				INFOPLIST_KEY_UIApplicationSupportsIndirectInputEvents = YES;
				INFOPLIST_KEY_UILaunchScreen_Generation = YES;
				INFOPLIST_KEY_UISupportedInterfaceOrientations = UIInterfaceOrientationPortrait;
				INFOPLIST_KEY_UISupportedInterfaceOrientations_iPad = "UIInterfaceOrientationLandscapeLeft UIInterfaceOrientationLandscapeRight UIInterfaceOrientationPortrait UIInterfaceOrientationPortraitUpsideDown";
				LD_RUNPATH_SEARCH_PATHS = (
					"$(inherited)",
					"@executable_path/Frameworks",
				);
				MARKETING_VERSION = 1.6.2;
				PRODUCT_BUNDLE_IDENTIFIER = DyonisosFergadiotis.PayScope;
				PRODUCT_NAME = "$(TARGET_NAME)";
				STRING_CATALOG_GENERATE_SYMBOLS = YES;
				SWIFT_APPROACHABLE_CONCURRENCY = YES;
				SWIFT_DEFAULT_ACTOR_ISOLATION = MainActor;
				SWIFT_EMIT_LOC_STRINGS = YES;
				SWIFT_UPCOMING_FEATURE_MEMBER_IMPORT_VISIBILITY = YES;
				SWIFT_VERSION = 5.0;
				TARGETED_DEVICE_FAMILY = "1,2";
			};
			name = Debug;
		};
		E5ABA9CF2F44731200031FB6 /* Release */ = {
			isa = XCBuildConfiguration;
			buildSettings = {
				ASSETCATALOG_COMPILER_ALTERNATE_APPICON_NAMES = "rot orange pink lila gruen turkis indigo";
				ASSETCATALOG_COMPILER_APPICON_NAME = Blau;
				ASSETCATALOG_COMPILER_GLOBAL_ACCENT_COLOR_NAME = AccentColor;
				CODE_SIGN_ENTITLEMENTS = PayScope/PayScope.entitlements;
				CODE_SIGN_STYLE = Automatic;
				CURRENT_PROJECT_VERSION = 1;
				DEVELOPMENT_TEAM = 8W4U9DBYVS;
				ENABLE_PREVIEWS = YES;
				GENERATE_INFOPLIST_FILE = YES;
				INFOPLIST_KEY_CFBundleDisplayName = PayScope;
				INFOPLIST_KEY_ITSAppUsesNonExemptEncryption = NO;
				INFOPLIST_KEY_LSApplicationCategoryType = "public.app-category.finance";
				INFOPLIST_KEY_NSCalendarsFullAccessUsageDescription = "PayScope exportiert deine Schichten in einen eigenen Apple Kalender.";
				INFOPLIST_KEY_NSCalendarsUsageDescription = "PayScope exportiert deine Schichten in einen eigenen Apple Kalender.";
				INFOPLIST_KEY_NSSupportsLiveActivities = YES;
				INFOPLIST_KEY_UIApplicationSceneManifest_Generation = YES;
				INFOPLIST_KEY_UIApplicationSupportsIndirectInputEvents = YES;
				INFOPLIST_KEY_UILaunchScreen_Generation = YES;
				INFOPLIST_KEY_UISupportedInterfaceOrientations = UIInterfaceOrientationPortrait;
				INFOPLIST_KEY_UISupportedInterfaceOrientations_iPad = "UIInterfaceOrientationLandscapeLeft UIInterfaceOrientationLandscapeRight UIInterfaceOrientationPortrait UIInterfaceOrientationPortraitUpsideDown";
				LD_RUNPATH_SEARCH_PATHS = (
					"$(inherited)",
					"@executable_path/Frameworks",
				);
				MARKETING_VERSION = 1.6.2;
				PRODUCT_BUNDLE_IDENTIFIER = DyonisosFergadiotis.PayScope;
				PRODUCT_NAME = "$(TARGET_NAME)";
				STRING_CATALOG_GENERATE_SYMBOLS = YES;
				SWIFT_APPROACHABLE_CONCURRENCY = YES;
				SWIFT_DEFAULT_ACTOR_ISOLATION = MainActor;
				SWIFT_EMIT_LOC_STRINGS = YES;
				SWIFT_UPCOMING_FEATURE_MEMBER_IMPORT_VISIBILITY = YES;
				SWIFT_VERSION = 5.0;
				TARGETED_DEVICE_FAMILY = "1,2";
			};
			name = Release;
		};
		E5ABAA732F458AC100031FB6 /* Debug */ = {
			isa = XCBuildConfiguration;
			buildSettings = {
				ASSETCATALOG_COMPILER_GLOBAL_ACCENT_COLOR_NAME = AccentColor;
				ASSETCATALOG_COMPILER_WIDGET_BACKGROUND_COLOR_NAME = WidgetBackground;
				CODE_SIGN_ENTITLEMENTS = "PayScope WidgetsExtension.entitlements";
				CODE_SIGN_STYLE = Automatic;
				CURRENT_PROJECT_VERSION = 1;
				DEVELOPMENT_TEAM = 8W4U9DBYVS;
				GENERATE_INFOPLIST_FILE = YES;
				INFOPLIST_FILE = "PayScope Widgets/Info.plist";
				INFOPLIST_KEY_CFBundleDisplayName = "PayScope Widgets";
				INFOPLIST_KEY_NSHumanReadableCopyright = "© 2026 Dyonisos Fergadiotis";
				LD_RUNPATH_SEARCH_PATHS = (
					"$(inherited)",
					"@executable_path/Frameworks",
					"@executable_path/../../Frameworks",
				);
				MARKETING_VERSION = 1.6.2;
				PRODUCT_BUNDLE_IDENTIFIER = "DyonisosFergadiotis.PayScope.PayScope-Widgets";
				PRODUCT_NAME = "$(TARGET_NAME)";
				SKIP_INSTALL = YES;
				STRING_CATALOG_GENERATE_SYMBOLS = YES;
				SWIFT_APPROACHABLE_CONCURRENCY = YES;
				SWIFT_EMIT_LOC_STRINGS = YES;
				SWIFT_UPCOMING_FEATURE_MEMBER_IMPORT_VISIBILITY = YES;
				SWIFT_VERSION = 5.0;
				TARGETED_DEVICE_FAMILY = "1,2";
			};
			name = Debug;
		};
		E5ABAA742F458AC100031FB6 /* Release */ = {
			isa = XCBuildConfiguration;
			buildSettings = {
				ASSETCATALOG_COMPILER_GLOBAL_ACCENT_COLOR_NAME = AccentColor;
				ASSETCATALOG_COMPILER_WIDGET_BACKGROUND_COLOR_NAME = WidgetBackground;
				CODE_SIGN_ENTITLEMENTS = "PayScope WidgetsExtension.entitlements";
				CODE_SIGN_STYLE = Automatic;
				CURRENT_PROJECT_VERSION = 1;
				DEVELOPMENT_TEAM = 8W4U9DBYVS;
				GENERATE_INFOPLIST_FILE = YES;
				INFOPLIST_FILE = "PayScope Widgets/Info.plist";
				INFOPLIST_KEY_CFBundleDisplayName = "PayScope Widgets";
				INFOPLIST_KEY_NSHumanReadableCopyright = "© 2026 Dyonisos Fergadiotis";
				LD_RUNPATH_SEARCH_PATHS = (
					"$(inherited)",
					"@executable_path/Frameworks",
					"@executable_path/../../Frameworks",
				);
				MARKETING_VERSION = 1.6.2;
				PRODUCT_BUNDLE_IDENTIFIER = "DyonisosFergadiotis.PayScope.PayScope-Widgets";
				PRODUCT_NAME = "$(TARGET_NAME)";
				SKIP_INSTALL = YES;
				STRING_CATALOG_GENERATE_SYMBOLS = YES;
				SWIFT_APPROACHABLE_CONCURRENCY = YES;
				SWIFT_EMIT_LOC_STRINGS = YES;
				SWIFT_UPCOMING_FEATURE_MEMBER_IMPORT_VISIBILITY = YES;
				SWIFT_VERSION = 5.0;
				TARGETED_DEVICE_FAMILY = "1,2";
			};
			name = Release;
		};
		E5AC7DDC2F5984D900DFE5DD /* Debug */ = {
			isa = XCBuildConfiguration;
			buildSettings = {
				ASSETCATALOG_COMPILER_APPICON_NAME = Blau;
				ASSETCATALOG_COMPILER_GLOBAL_ACCENT_COLOR_NAME = AccentColor;
				ASSETCATALOG_COMPILER_INCLUDE_ALL_APPICON_ASSETS = NO;
				CODE_SIGN_ENTITLEMENTS = "PayScope for Mac/PayScope for Mac.entitlements";
				CODE_SIGN_STYLE = Automatic;
				COMBINE_HIDPI_IMAGES = YES;
				CURRENT_PROJECT_VERSION = 1;
				DEAD_CODE_STRIPPING = YES;
				DEVELOPMENT_TEAM = 8W4U9DBYVS;
				ENABLE_APP_SANDBOX = YES;
				ENABLE_HARDENED_RUNTIME = YES;
				ENABLE_PREVIEWS = YES;
				ENABLE_USER_SELECTED_FILES = readonly;
				GENERATE_INFOPLIST_FILE = YES;
				INFOPLIST_KEY_CFBundleDisplayName = PayScope;
				INFOPLIST_KEY_LSApplicationCategoryType = "public.app-category.finance";
				INFOPLIST_KEY_LSUIElement = YES;
				INFOPLIST_KEY_NSHumanReadableCopyright = "";
				LD_RUNPATH_SEARCH_PATHS = (
					"$(inherited)",
					"@executable_path/../Frameworks",
				);
				MACOSX_DEPLOYMENT_TARGET = 26.0;
				MARKETING_VERSION = 1.4.3;
				PRODUCT_BUNDLE_IDENTIFIER = DyonisosFergadiotis.PayScope;
				PRODUCT_NAME = "$(TARGET_NAME)";
				REGISTER_APP_GROUPS = YES;
				SDKROOT = macosx;
				STRING_CATALOG_GENERATE_SYMBOLS = YES;
				SWIFT_APPROACHABLE_CONCURRENCY = YES;
				SWIFT_DEFAULT_ACTOR_ISOLATION = MainActor;
				SWIFT_EMIT_LOC_STRINGS = YES;
				SWIFT_UPCOMING_FEATURE_MEMBER_IMPORT_VISIBILITY = YES;
				SWIFT_VERSION = 5.0;
			};
			name = Debug;
		};
		E5AC7DDD2F5984D900DFE5DD /* Release */ = {
			isa = XCBuildConfiguration;
			buildSettings = {
				ASSETCATALOG_COMPILER_APPICON_NAME = Blau;
				ASSETCATALOG_COMPILER_GLOBAL_ACCENT_COLOR_NAME = AccentColor;
				ASSETCATALOG_COMPILER_INCLUDE_ALL_APPICON_ASSETS = NO;
				CODE_SIGN_ENTITLEMENTS = "PayScope for Mac/PayScope for Mac.entitlements";
				CODE_SIGN_STYLE = Automatic;
				COMBINE_HIDPI_IMAGES = YES;
				CURRENT_PROJECT_VERSION = 1;
				DEAD_CODE_STRIPPING = YES;
				DEVELOPMENT_TEAM = 8W4U9DBYVS;
				ENABLE_APP_SANDBOX = YES;
				ENABLE_HARDENED_RUNTIME = YES;
				ENABLE_PREVIEWS = YES;
				ENABLE_USER_SELECTED_FILES = readonly;
				GENERATE_INFOPLIST_FILE = YES;
				INFOPLIST_KEY_CFBundleDisplayName = PayScope;
				INFOPLIST_KEY_LSApplicationCategoryType = "public.app-category.finance";
				INFOPLIST_KEY_LSUIElement = YES;
				INFOPLIST_KEY_NSHumanReadableCopyright = "";
				LD_RUNPATH_SEARCH_PATHS = (
					"$(inherited)",
					"@executable_path/../Frameworks",
				);
				MACOSX_DEPLOYMENT_TARGET = 26.0;
				MARKETING_VERSION = 1.4.3;
				PRODUCT_BUNDLE_IDENTIFIER = DyonisosFergadiotis.PayScope;
				PRODUCT_NAME = "$(TARGET_NAME)";
				REGISTER_APP_GROUPS = YES;
				SDKROOT = macosx;
				STRING_CATALOG_GENERATE_SYMBOLS = YES;
				SWIFT_APPROACHABLE_CONCURRENCY = YES;
				SWIFT_DEFAULT_ACTOR_ISOLATION = MainActor;
				SWIFT_EMIT_LOC_STRINGS = YES;
				SWIFT_UPCOMING_FEATURE_MEMBER_IMPORT_VISIBILITY = YES;
				SWIFT_VERSION = 5.0;
			};
			name = Release;
		};
		E5CC01082FAAAAAB00000008 /* Debug */ = {
			isa = XCBuildConfiguration;
			buildSettings = {
				BUNDLE_LOADER = "$(TEST_HOST)";
				CODE_SIGN_STYLE = Automatic;
				CURRENT_PROJECT_VERSION = 1;
				DEVELOPMENT_TEAM = 8W4U9DBYVS;
				GENERATE_INFOPLIST_FILE = YES;
				IPHONEOS_DEPLOYMENT_TARGET = 26.2;
				LD_RUNPATH_SEARCH_PATHS = (
					"$(inherited)",
					"@executable_path/Frameworks",
					"@loader_path/Frameworks",
				);
				PRODUCT_BUNDLE_IDENTIFIER = DyonisosFergadiotis.PayScopeTests;
				PRODUCT_NAME = "$(TARGET_NAME)";
				SDKROOT = iphoneos;
				SKIP_INSTALL = YES;
				SWIFT_APPROACHABLE_CONCURRENCY = YES;
				SWIFT_DEFAULT_ACTOR_ISOLATION = MainActor;
				SWIFT_EMIT_LOC_STRINGS = NO;
				SWIFT_VERSION = 5.0;
				TARGETED_DEVICE_FAMILY = "1,2";
				TEST_HOST = "$(BUILT_PRODUCTS_DIR)/PayScope.app/$(BUNDLE_EXECUTABLE_FOLDER_PATH)/PayScope";
			};
			name = Debug;
		};
		E5CC01092FAAAAAB00000009 /* Release */ = {
			isa = XCBuildConfiguration;
			buildSettings = {
				BUNDLE_LOADER = "$(TEST_HOST)";
				CODE_SIGN_STYLE = Automatic;
				CURRENT_PROJECT_VERSION = 1;
				DEVELOPMENT_TEAM = 8W4U9DBYVS;
				GENERATE_INFOPLIST_FILE = YES;
				IPHONEOS_DEPLOYMENT_TARGET = 26.2;
				LD_RUNPATH_SEARCH_PATHS = (
					"$(inherited)",
					"@executable_path/Frameworks",
					"@loader_path/Frameworks",
				);
				PRODUCT_BUNDLE_IDENTIFIER = DyonisosFergadiotis.PayScopeTests;
				PRODUCT_NAME = "$(TARGET_NAME)";
				SDKROOT = iphoneos;
				SKIP_INSTALL = YES;
				SWIFT_APPROACHABLE_CONCURRENCY = YES;
				SWIFT_DEFAULT_ACTOR_ISOLATION = MainActor;
				SWIFT_EMIT_LOC_STRINGS = NO;
				SWIFT_VERSION = 5.0;
				TARGETED_DEVICE_FAMILY = "1,2";
				TEST_HOST = "$(BUILT_PRODUCTS_DIR)/PayScope.app/$(BUNDLE_EXECUTABLE_FOLDER_PATH)/PayScope";
			};
			name = Release;
		};
		E5EC73522FEC02D800E600E4 /* Debug */ = {
			isa = XCBuildConfiguration;
			buildSettings = {
				ASSETCATALOG_COMPILER_ALTERNATE_APPICON_NAMES = "rot orange pink lila gruen turkis indigo";
				ASSETCATALOG_COMPILER_APPICON_NAME = Blau;
				ASSETCATALOG_COMPILER_GLOBAL_ACCENT_COLOR_NAME = AccentColor;
				CODE_SIGN_ENTITLEMENTS = "PayScope AW Watch App/PayScope AW Watch App.entitlements";
				CODE_SIGN_STYLE = Automatic;
				CURRENT_PROJECT_VERSION = 1;
				DEVELOPMENT_TEAM = 8W4U9DBYVS;
				ENABLE_PREVIEWS = YES;
				GENERATE_INFOPLIST_FILE = YES;
				INFOPLIST_KEY_CFBundleDisplayName = PayScope;
				INFOPLIST_KEY_UISupportedInterfaceOrientations = "UIInterfaceOrientationPortrait UIInterfaceOrientationPortraitUpsideDown";
				INFOPLIST_KEY_WKCompanionAppBundleIdentifier = DyonisosFergadiotis.PayScope;
				LD_RUNPATH_SEARCH_PATHS = (
					"$(inherited)",
					"@executable_path/Frameworks",
				);
				MARKETING_VERSION = 1.0;
				PRODUCT_BUNDLE_IDENTIFIER = DyonisosFergadiotis.PayScope.watchkitapp;
				PRODUCT_NAME = "$(TARGET_NAME)";
				SDKROOT = watchos;
				SKIP_INSTALL = YES;
				STRING_CATALOG_GENERATE_SYMBOLS = YES;
				SWIFT_APPROACHABLE_CONCURRENCY = YES;
				SWIFT_DEFAULT_ACTOR_ISOLATION = MainActor;
				SWIFT_EMIT_LOC_STRINGS = YES;
				SWIFT_UPCOMING_FEATURE_MEMBER_IMPORT_VISIBILITY = YES;
				SWIFT_VERSION = 5.0;
				TARGETED_DEVICE_FAMILY = 4;
				WATCHOS_DEPLOYMENT_TARGET = 26.0;
			};
			name = Debug;
		};
		E5EC73532FEC02D800E600E4 /* Release */ = {
			isa = XCBuildConfiguration;
			buildSettings = {
				ASSETCATALOG_COMPILER_ALTERNATE_APPICON_NAMES = "rot orange pink lila gruen turkis indigo";
				ASSETCATALOG_COMPILER_APPICON_NAME = Blau;
				ASSETCATALOG_COMPILER_GLOBAL_ACCENT_COLOR_NAME = AccentColor;
				CODE_SIGN_ENTITLEMENTS = "PayScope AW Watch App/PayScope AW Watch App.entitlements";
				CODE_SIGN_STYLE = Automatic;
				CURRENT_PROJECT_VERSION = 1;
				DEVELOPMENT_TEAM = 8W4U9DBYVS;
				ENABLE_PREVIEWS = YES;
				GENERATE_INFOPLIST_FILE = YES;
				INFOPLIST_KEY_CFBundleDisplayName = PayScope;
				INFOPLIST_KEY_UISupportedInterfaceOrientations = "UIInterfaceOrientationPortrait UIInterfaceOrientationPortraitUpsideDown";
				INFOPLIST_KEY_WKCompanionAppBundleIdentifier = DyonisosFergadiotis.PayScope;
				LD_RUNPATH_SEARCH_PATHS = (
					"$(inherited)",
					"@executable_path/Frameworks",
				);
				MARKETING_VERSION = 1.0;
				PRODUCT_BUNDLE_IDENTIFIER = DyonisosFergadiotis.PayScope.watchkitapp;
				PRODUCT_NAME = "$(TARGET_NAME)";
				SDKROOT = watchos;
				SKIP_INSTALL = YES;
				STRING_CATALOG_GENERATE_SYMBOLS = YES;
				SWIFT_APPROACHABLE_CONCURRENCY = YES;
				SWIFT_DEFAULT_ACTOR_ISOLATION = MainActor;
				SWIFT_EMIT_LOC_STRINGS = YES;
				SWIFT_UPCOMING_FEATURE_MEMBER_IMPORT_VISIBILITY = YES;
				SWIFT_VERSION = 5.0;
				TARGETED_DEVICE_FAMILY = 4;
				WATCHOS_DEPLOYMENT_TARGET = 26.0;
			};
			name = Release;
		};
		E5EC772E2FED466300E600E4 /* Debug */ = {
			isa = XCBuildConfiguration;
			buildSettings = {
				ASSETCATALOG_COMPILER_GLOBAL_ACCENT_COLOR_NAME = AccentColor;
				ASSETCATALOG_COMPILER_WIDGET_BACKGROUND_COLOR_NAME = WidgetBackground;
				CODE_SIGN_ENTITLEMENTS = "PayScope AW Widgets/PayScope AW Widgets.entitlements";
				CODE_SIGN_STYLE = Automatic;
				CURRENT_PROJECT_VERSION = 1;
				DEVELOPMENT_TEAM = 8W4U9DBYVS;
				GENERATE_INFOPLIST_FILE = YES;
				INFOPLIST_FILE = "PayScope AW Widgets/Info.plist";
				INFOPLIST_KEY_CFBundleDisplayName = "PayScope AW Widgets";
				INFOPLIST_KEY_NSHumanReadableCopyright = "";
				LD_RUNPATH_SEARCH_PATHS = (
					"$(inherited)",
					"@executable_path/Frameworks",
					"@executable_path/../../Frameworks",
					"@executable_path/../../../../Frameworks",
				);
				MARKETING_VERSION = 1.0;
				PRODUCT_BUNDLE_IDENTIFIER = "DyonisosFergadiotis.PayScope.watchkitapp.PayScope-AW-Widgets";
				PRODUCT_NAME = "$(TARGET_NAME)";
				SDKROOT = watchos;
				SKIP_INSTALL = YES;
				STRING_CATALOG_GENERATE_SYMBOLS = YES;
				SWIFT_APPROACHABLE_CONCURRENCY = YES;
				SWIFT_EMIT_LOC_STRINGS = YES;
				SWIFT_UPCOMING_FEATURE_MEMBER_IMPORT_VISIBILITY = YES;
				SWIFT_VERSION = 5.0;
				TARGETED_DEVICE_FAMILY = 4;
				WATCHOS_DEPLOYMENT_TARGET = 26.5;
			};
			name = Debug;
		};
		E5EC772F2FED466300E600E4 /* Release */ = {
			isa = XCBuildConfiguration;
			buildSettings = {
				ASSETCATALOG_COMPILER_GLOBAL_ACCENT_COLOR_NAME = AccentColor;
				ASSETCATALOG_COMPILER_WIDGET_BACKGROUND_COLOR_NAME = WidgetBackground;
				CODE_SIGN_ENTITLEMENTS = "PayScope AW Widgets/PayScope AW Widgets.entitlements";
				CODE_SIGN_STYLE = Automatic;
				CURRENT_PROJECT_VERSION = 1;
				DEVELOPMENT_TEAM = 8W4U9DBYVS;
				GENERATE_INFOPLIST_FILE = YES;
				INFOPLIST_FILE = "PayScope AW Widgets/Info.plist";
				INFOPLIST_KEY_CFBundleDisplayName = "PayScope AW Widgets";
				INFOPLIST_KEY_NSHumanReadableCopyright = "";
				LD_RUNPATH_SEARCH_PATHS = (
					"$(inherited)",
					"@executable_path/Frameworks",
					"@executable_path/../../Frameworks",
					"@executable_path/../../../../Frameworks",
				);
				MARKETING_VERSION = 1.0;
				PRODUCT_BUNDLE_IDENTIFIER = "DyonisosFergadiotis.PayScope.watchkitapp.PayScope-AW-Widgets";
				PRODUCT_NAME = "$(TARGET_NAME)";
				SDKROOT = watchos;
				SKIP_INSTALL = YES;
				STRING_CATALOG_GENERATE_SYMBOLS = YES;
				SWIFT_APPROACHABLE_CONCURRENCY = YES;
				SWIFT_EMIT_LOC_STRINGS = YES;
				SWIFT_UPCOMING_FEATURE_MEMBER_IMPORT_VISIBILITY = YES;
				SWIFT_VERSION = 5.0;
				TARGETED_DEVICE_FAMILY = 4;
				WATCHOS_DEPLOYMENT_TARGET = 26.5;
			};
			name = Release;
		};
		E5EC77442FED46D400E600E4 /* Debug */ = {
			isa = XCBuildConfiguration;
			buildSettings = {
				ASSETCATALOG_COMPILER_APPICON_NAME = "App Icon & Top Shelf Image";
				ASSETCATALOG_COMPILER_GLOBAL_ACCENT_COLOR_NAME = AccentColor;
				CODE_SIGN_ENTITLEMENTS = "PayScope Atv/PayScope_Atv.entitlements";
				CODE_SIGN_STYLE = Automatic;
				CURRENT_PROJECT_VERSION = 1;
				DEVELOPMENT_TEAM = 8W4U9DBYVS;
				ENABLE_APP_SANDBOX = YES;
				ENABLE_PREVIEWS = YES;
				ENABLE_USER_SELECTED_FILES = readonly;
				GENERATE_INFOPLIST_FILE = YES;
				INFOPLIST_FILE = "PayScope Atv/Info.plist";
				INFOPLIST_KEY_CFBundleDisplayName = PayScope;
				INFOPLIST_KEY_LSApplicationCategoryType = "public.app-category.productivity";
				INFOPLIST_KEY_UILaunchScreen_Generation = YES;
				INFOPLIST_KEY_UIUserInterfaceStyle = Automatic;
				LD_RUNPATH_SEARCH_PATHS = (
					"$(inherited)",
					"@executable_path/Frameworks",
				);
				MARKETING_VERSION = 1.0;
				PRODUCT_BUNDLE_IDENTIFIER = "DyonisosFergadiotis.PayScope.watchkitapp.PayScope-Atv";
				PRODUCT_NAME = "$(TARGET_NAME)";
				SDKROOT = appletvos;
				STRING_CATALOG_GENERATE_SYMBOLS = YES;
				SWIFT_APPROACHABLE_CONCURRENCY = YES;
				SWIFT_DEFAULT_ACTOR_ISOLATION = MainActor;
				SWIFT_EMIT_LOC_STRINGS = YES;
				SWIFT_UPCOMING_FEATURE_MEMBER_IMPORT_VISIBILITY = YES;
				SWIFT_VERSION = 5.0;
				TARGETED_DEVICE_FAMILY = 3;
				TVOS_DEPLOYMENT_TARGET = 26.0;
			};
			name = Debug;
		};
		E5EC77452FED46D400E600E4 /* Release */ = {
			isa = XCBuildConfiguration;
			buildSettings = {
				ASSETCATALOG_COMPILER_APPICON_NAME = "App Icon & Top Shelf Image";
				ASSETCATALOG_COMPILER_GLOBAL_ACCENT_COLOR_NAME = AccentColor;
				CODE_SIGN_ENTITLEMENTS = "PayScope Atv/PayScope_Atv.entitlements";
				CODE_SIGN_STYLE = Automatic;
				CURRENT_PROJECT_VERSION = 1;
				DEVELOPMENT_TEAM = 8W4U9DBYVS;
				ENABLE_APP_SANDBOX = YES;
				ENABLE_PREVIEWS = YES;
				ENABLE_USER_SELECTED_FILES = readonly;
				GENERATE_INFOPLIST_FILE = YES;
				INFOPLIST_FILE = "PayScope Atv/Info.plist";
				INFOPLIST_KEY_CFBundleDisplayName = PayScope;
				INFOPLIST_KEY_LSApplicationCategoryType = "public.app-category.productivity";
				INFOPLIST_KEY_UILaunchScreen_Generation = YES;
				INFOPLIST_KEY_UIUserInterfaceStyle = Automatic;
				LD_RUNPATH_SEARCH_PATHS = (
					"$(inherited)",
					"@executable_path/Frameworks",
				);
				MARKETING_VERSION = 1.0;
				PRODUCT_BUNDLE_IDENTIFIER = "DyonisosFergadiotis.PayScope.watchkitapp.PayScope-Atv";
				PRODUCT_NAME = "$(TARGET_NAME)";
				SDKROOT = appletvos;
				STRING_CATALOG_GENERATE_SYMBOLS = YES;
				SWIFT_APPROACHABLE_CONCURRENCY = YES;
				SWIFT_DEFAULT_ACTOR_ISOLATION = MainActor;
				SWIFT_EMIT_LOC_STRINGS = YES;
				SWIFT_UPCOMING_FEATURE_MEMBER_IMPORT_VISIBILITY = YES;
				SWIFT_VERSION = 5.0;
				TARGETED_DEVICE_FAMILY = 3;
				TVOS_DEPLOYMENT_TARGET = 26.0;
			};
			name = Release;
		};
/* End XCBuildConfiguration section */

/* Begin XCConfigurationList section */
		E5ABA9BD2F44731100031FB6 /* Build configuration list for PBXProject "PayScope" */ = {
			isa = XCConfigurationList;
			buildConfigurations = (
				E5ABA9CB2F44731200031FB6 /* Debug */,
				E5ABA9CC2F44731200031FB6 /* Release */,
			);
			defaultConfigurationIsVisible = 0;
			defaultConfigurationName = Release;
		};
		E5ABA9CD2F44731200031FB6 /* Build configuration list for PBXNativeTarget "PayScope" */ = {
			isa = XCConfigurationList;
			buildConfigurations = (
				E5ABA9CE2F44731200031FB6 /* Debug */,
				E5ABA9CF2F44731200031FB6 /* Release */,
			);
			defaultConfigurationIsVisible = 0;
			defaultConfigurationName = Release;
		};
		E5ABAA722F458AC100031FB6 /* Build configuration list for PBXNativeTarget "PayScope WidgetsExtension" */ = {
			isa = XCConfigurationList;
			buildConfigurations = (
				E5ABAA732F458AC100031FB6 /* Debug */,
				E5ABAA742F458AC100031FB6 /* Release */,
			);
			defaultConfigurationIsVisible = 0;
			defaultConfigurationName = Release;
		};
		E5AC7DDB2F5984D900DFE5DD /* Build configuration list for PBXNativeTarget "PayScope For Mac" */ = {
			isa = XCConfigurationList;
			buildConfigurations = (
				E5AC7DDC2F5984D900DFE5DD /* Debug */,
				E5AC7DDD2F5984D900DFE5DD /* Release */,
			);
			defaultConfigurationIsVisible = 0;
			defaultConfigurationName = Release;
		};
		E5CC010A2FAAAAAB0000000A /* Build configuration list for PBXNativeTarget "PayScopeTests" */ = {
			isa = XCConfigurationList;
			buildConfigurations = (
				E5CC01082FAAAAAB00000008 /* Debug */,
				E5CC01092FAAAAAB00000009 /* Release */,
			);
			defaultConfigurationIsVisible = 0;
			defaultConfigurationName = Release;
		};
		E5EC73542FEC02D800E600E4 /* Build configuration list for PBXNativeTarget "PayScope AW Watch App" */ = {
			isa = XCConfigurationList;
			buildConfigurations = (
				E5EC73522FEC02D800E600E4 /* Debug */,
				E5EC73532FEC02D800E600E4 /* Release */,
			);
			defaultConfigurationIsVisible = 0;
			defaultConfigurationName = Release;
		};
		E5EC77312FED466300E600E4 /* Build configuration list for PBXNativeTarget "PayScope AW WidgetsExtension" */ = {
			isa = XCConfigurationList;
			buildConfigurations = (
				E5EC772E2FED466300E600E4 /* Debug */,
				E5EC772F2FED466300E600E4 /* Release */,
			);
			defaultConfigurationIsVisible = 0;
			defaultConfigurationName = Release;
		};
		E5EC77432FED46D400E600E4 /* Build configuration list for PBXNativeTarget "PayScope Atv" */ = {
			isa = XCConfigurationList;
			buildConfigurations = (
				E5EC77442FED46D400E600E4 /* Debug */,
				E5EC77452FED46D400E600E4 /* Release */,
			);
			defaultConfigurationIsVisible = 0;
			defaultConfigurationName = Release;
		};
/* End XCConfigurationList section */

/* Begin XCRemoteSwiftPackageReference section */
		E539C2C22FB4A8D600E09AE4 /* XCRemoteSwiftPackageReference "notelet" */ = {
			isa = XCRemoteSwiftPackageReference;
			repositoryURL = "https://github.com/mykolaharmash/notelet";
			requirement = {
				branch = main;
				kind = branch;
			};
		};
		E580ADFC2FB1E88C0005C14B /* XCRemoteSwiftPackageReference "FabBar" */ = {
			isa = XCRemoteSwiftPackageReference;
			repositoryURL = "https://github.com/ryanashcraft/FabBar.git";
			requirement = {
				kind = upToNextMajorVersion;
				minimumVersion = 1.1.0;
			};
		};
/* End XCRemoteSwiftPackageReference section */

/* Begin XCSwiftPackageProductDependency section */
		E539C2C32FB4A8D600E09AE4 /* Notelet */ = {
			isa = XCSwiftPackageProductDependency;
			package = E539C2C22FB4A8D600E09AE4 /* XCRemoteSwiftPackageReference "notelet" */;
			productName = Notelet;
		};
		E580ADFD2FB1E88C0005C14B /* FabBar */ = {
			isa = XCSwiftPackageProductDependency;
			package = E580ADFC2FB1E88C0005C14B /* XCRemoteSwiftPackageReference "FabBar" */;
			productName = FabBar;
		};
/* End XCSwiftPackageProductDependency section */
	};
	rootObject = E5ABA9BA2F44731100031FB6 /* Project object */;
}
